<Solution>
  <Folder Name="/src/" />
  <Folder Name="/src/Foundation/">
    <Project Path="src/Foundation/FrameForge.FixedPoint/FrameForge.FixedPoint.csproj" />
  </Folder>
  <Folder Name="/tests/" />
  <Folder Name="/tests/Foundation/">
    <Project Path="tests/Foundation/FrameForge.FixedPoint.Tests/FrameForge.FixedPoint.Tests.csproj" />
  </Folder>
</Solution>
